
Microsoft Visual Studio Solution File, Format Version 12.00
# Visual Studio Version 17
VisualStudioVersion = 17.5.33424.131
MinimumVisualStudioVersion = 10.0.40219.1
Project("{9A19103F-16F7-4668-BE54-9A1E7A4F7556}") = "Jagerts.Sandbox.Generators.AutoProperties", "src\Jagerts.Sandbox.Generators.AutoProperties\Jagerts.Sandbox.Generators.AutoProperties.csproj", "{6F6F02E2-0E14-4C84-B5E0-F0892132222B}"
EndProject
Project("{2150E333-8FDC-42A3-9474-1A3956D46DE8}") = "1. Library", "1. Library", "{667805FB-1B36-4154-9787-480CC00EB726}"
EndProject
Project("{2150E333-8FDC-42A3-9474-1A3956D46DE8}") = "2. Samples", "2. Samples", "{C957786B-4765-4F97-834E-1B1978939E9D}"
EndProject
Project("{9A19103F-16F7-4668-BE54-9A1E7A4F7556}") = "Jagerts.Sandbox.Generators.AutoProperties.Sample", "sample\Jagerts.Sandbox.Generators.AutoProperties.Sample\Jagerts.Sandbox.Generators.AutoProperties.Sample.csproj", "{7F0A182C-8689-47C3-8C5D-6D9F8C03CCA8}"
EndProject
Global
	GlobalSection(SolutionConfigurationPlatforms) = preSolution
		Debug|Any CPU = Debug|Any CPU
		Release|Any CPU = Release|Any CPU
	EndGlobalSection
	GlobalSection(ProjectConfigurationPlatforms) = postSolution
		{6F6F02E2-0E14-4C84-B5E0-F0892132222B}.Debug|Any CPU.ActiveCfg = Debug|Any CPU
		{6F6F02E2-0E14-4C84-B5E0-F0892132222B}.Debug|Any CPU.Build.0 = Debug|Any CPU
		{6F6F02E2-0E14-4C84-B5E0-F0892132222B}.Release|Any CPU.ActiveCfg = Release|Any CPU
		{6F6F02E2-0E14-4C84-B5E0-F0892132222B}.Release|Any CPU.Build.0 = Release|Any CPU
		{7F0A182C-8689-47C3-8C5D-6D9F8C03CCA8}.Debug|Any CPU.ActiveCfg = Debug|Any CPU
		{7F0A182C-8689-47C3-8C5D-6D9F8C03CCA8}.Debug|Any CPU.Build.0 = Debug|Any CPU
		{7F0A182C-8689-47C3-8C5D-6D9F8C03CCA8}.Release|Any CPU.ActiveCfg = Release|Any CPU
		{7F0A182C-8689-47C3-8C5D-6D9F8C03CCA8}.Release|Any CPU.Build.0 = Release|Any CPU
	EndGlobalSection
	GlobalSection(SolutionProperties) = preSolution
		HideSolutionNode = FALSE
	EndGlobalSection
	GlobalSection(NestedProjects) = preSolution
		{6F6F02E2-0E14-4C84-B5E0-F0892132222B} = {667805FB-1B36-4154-9787-480CC00EB726}
		{7F0A182C-8689-47C3-8C5D-6D9F8C03CCA8} = {C957786B-4765-4F97-834E-1B1978939E9D}
	EndGlobalSection
	GlobalSection(ExtensibilityGlobals) = postSolution
		SolutionGuid = {7A4966B7-7C76-4C82-B5AE-F80F54499464}
	EndGlobalSection
EndGlobal
